
Microsoft Visual Studio Solution File, Format Version 12.00
# Visual Studio Version 17
VisualStudioVersion = 17.14.37203.1
MinimumVisualStudioVersion = 10.0.40219.1
Project("{9A19103F-16F7-4668-BE54-9A1E7A4F7556}") = "Technosoftware.UaConfiguration", "src\Technosoftware\UaConfiguration\Technosoftware.UaConfiguration.csproj", "{63BEB4B6-E96D-478E-B41D-B42CED6F8E7B}"
EndProject
Project("{2150E333-8FDC-42A3-9474-1A3956D46DE8}") = "Libraries", "Libraries", "{2DD8D9F9-8DF2-409F-A1B2-A1ADA3345CD7}"
EndProject
Project("{2150E333-8FDC-42A3-9474-1A3956D46DE8}") = "Solution Items", "Solution Items", "{0152A569-8287-4E49-9F02-E27FD700B719}"
	ProjectSection(SolutionItems) = preProject
		.editorconfig = .editorconfig
		common.props = common.props
		Directory.Build.props = Directory.Build.props
		README.md = README.md
		targets.props = targets.props
		version.json = version.json
		version.props = version.props
	EndProjectSection
EndProject
Project("{2150E333-8FDC-42A3-9474-1A3956D46DE8}") = "nuget", "nuget", "{F69ABCC3-ED93-446B-AC70-D6AA5F047781}"
	ProjectSection(SolutionItems) = preProject
		nuget\Technosoftware.UaSolutions.UaClient.nuspec = nuget\Technosoftware.UaSolutions.UaClient.nuspec
		nuget\Technosoftware.UaSolutions.UaConfiguration.nuspec = nuget\Technosoftware.UaSolutions.UaConfiguration.nuspec
		nuget\Technosoftware.UaSolutions.UaServer.nuspec = nuget\Technosoftware.UaSolutions.UaServer.nuspec
	EndProjectSection
EndProject
Project("{2150E333-8FDC-42A3-9474-1A3956D46DE8}") = "Tests", "Tests", "{683ED3F2-8703-4211-943C-61E910DE31FB}"
EndProject
Project("{FAE04EC0-301F-11D3-BF4B-00C04F79EFBC}") = "Technosoftware.UaClient", "src\Technosoftware\UaClient\Technosoftware.UaClient.csproj", "{37BEA80B-DD24-2010-E8C0-319DEB387158}"
EndProject
Project("{FAE04EC0-301F-11D3-BF4B-00C04F79EFBC}") = "Technosoftware.UaServer", "src\Technosoftware\UaServer\Technosoftware.UaServer.csproj", "{E0323EC6-AD33-C873-2E1A-6DEC1D570954}"
EndProject
Project("{FAE04EC0-301F-11D3-BF4B-00C04F79EFBC}") = "Technosoftware.UaConfiguration.Tests", "Tests\Technosoftware\UaConfiguration.Tests\Technosoftware.UaConfiguration.Tests.csproj", "{962624AE-148C-DE69-FA43-9163415FF563}"
EndProject
Project("{FAE04EC0-301F-11D3-BF4B-00C04F79EFBC}") = "Technosoftware.UaClient.Tests", "Tests\Technosoftware\UaClient.Tests\Technosoftware.UaClient.Tests.csproj", "{59D059EC-2610-EBBA-A59A-E6686D44EA0A}"
EndProject
Project("{FAE04EC0-301F-11D3-BF4B-00C04F79EFBC}") = "Technosoftware.UaServer.Tests", "Tests\Technosoftware\UaServer.Tests\Technosoftware.UaServer.Tests.csproj", "{1192A8FB-A797-D133-10CC-C151E1E54848}"
EndProject
Project("{2150E333-8FDC-42A3-9474-1A3956D46DE8}") = "Reference Applications", "Reference Applications", "{F0D5BE67-760B-44FC-BD21-84B056EC572C}"
EndProject
Project("{FAE04EC0-301F-11D3-BF4B-00C04F79EFBC}") = "SampleCompany.ReferenceNodeManagers", "tutorials\SampleCompany\ReferenceNodeManagers\SampleCompany.ReferenceNodeManagers.csproj", "{381B8F66-EF95-9AE7-A10C-43035DFB7946}"
EndProject
Project("{FAE04EC0-301F-11D3-BF4B-00C04F79EFBC}") = "SampleCompany.ReferenceClient", "tutorials\SampleCompany\ReferenceClient\SampleCompany.ReferenceClient.csproj", "{5553547A-DA0E-31BC-DA6F-9E83E65619D8}"
EndProject
Project("{FAE04EC0-301F-11D3-BF4B-00C04F79EFBC}") = "SampleCompany.ReferenceServer", "tutorials\SampleCompany\ReferenceServer\SampleCompany.ReferenceServer.csproj", "{D5C79B4D-596E-D03A-7463-98F8A7BC3D7D}"
EndProject
Global
	GlobalSection(SolutionConfigurationPlatforms) = preSolution
		Debug|Any CPU = Debug|Any CPU
		Release|Any CPU = Release|Any CPU
	EndGlobalSection
	GlobalSection(ProjectConfigurationPlatforms) = postSolution
		{63BEB4B6-E96D-478E-B41D-B42CED6F8E7B}.Debug|Any CPU.ActiveCfg = Debug|Any CPU
		{63BEB4B6-E96D-478E-B41D-B42CED6F8E7B}.Debug|Any CPU.Build.0 = Debug|Any CPU
		{63BEB4B6-E96D-478E-B41D-B42CED6F8E7B}.Release|Any CPU.ActiveCfg = Release|Any CPU
		{63BEB4B6-E96D-478E-B41D-B42CED6F8E7B}.Release|Any CPU.Build.0 = Release|Any CPU
		{37BEA80B-DD24-2010-E8C0-319DEB387158}.Debug|Any CPU.ActiveCfg = Debug|Any CPU
		{37BEA80B-DD24-2010-E8C0-319DEB387158}.Debug|Any CPU.Build.0 = Debug|Any CPU
		{37BEA80B-DD24-2010-E8C0-319DEB387158}.Release|Any CPU.ActiveCfg = Release|Any CPU
		{37BEA80B-DD24-2010-E8C0-319DEB387158}.Release|Any CPU.Build.0 = Release|Any CPU
		{E0323EC6-AD33-C873-2E1A-6DEC1D570954}.Debug|Any CPU.ActiveCfg = Debug|Any CPU
		{E0323EC6-AD33-C873-2E1A-6DEC1D570954}.Debug|Any CPU.Build.0 = Debug|Any CPU
		{E0323EC6-AD33-C873-2E1A-6DEC1D570954}.Release|Any CPU.ActiveCfg = Release|Any CPU
		{E0323EC6-AD33-C873-2E1A-6DEC1D570954}.Release|Any CPU.Build.0 = Release|Any CPU
		{962624AE-148C-DE69-FA43-9163415FF563}.Debug|Any CPU.ActiveCfg = Debug|Any CPU
		{962624AE-148C-DE69-FA43-9163415FF563}.Debug|Any CPU.Build.0 = Debug|Any CPU
		{962624AE-148C-DE69-FA43-9163415FF563}.Release|Any CPU.ActiveCfg = Release|Any CPU
		{962624AE-148C-DE69-FA43-9163415FF563}.Release|Any CPU.Build.0 = Release|Any CPU
		{59D059EC-2610-EBBA-A59A-E6686D44EA0A}.Debug|Any CPU.ActiveCfg = Debug|Any CPU
		{59D059EC-2610-EBBA-A59A-E6686D44EA0A}.Debug|Any CPU.Build.0 = Debug|Any CPU
		{59D059EC-2610-EBBA-A59A-E6686D44EA0A}.Release|Any CPU.ActiveCfg = Release|Any CPU
		{59D059EC-2610-EBBA-A59A-E6686D44EA0A}.Release|Any CPU.Build.0 = Release|Any CPU
		{1192A8FB-A797-D133-10CC-C151E1E54848}.Debug|Any CPU.ActiveCfg = Debug|Any CPU
		{1192A8FB-A797-D133-10CC-C151E1E54848}.Debug|Any CPU.Build.0 = Debug|Any CPU
		{1192A8FB-A797-D133-10CC-C151E1E54848}.Release|Any CPU.ActiveCfg = Release|Any CPU
		{1192A8FB-A797-D133-10CC-C151E1E54848}.Release|Any CPU.Build.0 = Release|Any CPU
		{381B8F66-EF95-9AE7-A10C-43035DFB7946}.Debug|Any CPU.ActiveCfg = Debug|Any CPU
		{381B8F66-EF95-9AE7-A10C-43035DFB7946}.Debug|Any CPU.Build.0 = Debug|Any CPU
		{381B8F66-EF95-9AE7-A10C-43035DFB7946}.Release|Any CPU.ActiveCfg = Release|Any CPU
		{381B8F66-EF95-9AE7-A10C-43035DFB7946}.Release|Any CPU.Build.0 = Release|Any CPU
		{5553547A-DA0E-31BC-DA6F-9E83E65619D8}.Debug|Any CPU.ActiveCfg = Debug|Any CPU
		{5553547A-DA0E-31BC-DA6F-9E83E65619D8}.Debug|Any CPU.Build.0 = Debug|Any CPU
		{5553547A-DA0E-31BC-DA6F-9E83E65619D8}.Release|Any CPU.ActiveCfg = Release|Any CPU
		{5553547A-DA0E-31BC-DA6F-9E83E65619D8}.Release|Any CPU.Build.0 = Release|Any CPU
		{D5C79B4D-596E-D03A-7463-98F8A7BC3D7D}.Debug|Any CPU.ActiveCfg = Debug|Any CPU
		{D5C79B4D-596E-D03A-7463-98F8A7BC3D7D}.Debug|Any CPU.Build.0 = Debug|Any CPU
		{D5C79B4D-596E-D03A-7463-98F8A7BC3D7D}.Release|Any CPU.ActiveCfg = Release|Any CPU
		{D5C79B4D-596E-D03A-7463-98F8A7BC3D7D}.Release|Any CPU.Build.0 = Release|Any CPU
	EndGlobalSection
	GlobalSection(SolutionProperties) = preSolution
		HideSolutionNode = FALSE
	EndGlobalSection
	GlobalSection(NestedProjects) = preSolution
		{63BEB4B6-E96D-478E-B41D-B42CED6F8E7B} = {2DD8D9F9-8DF2-409F-A1B2-A1ADA3345CD7}
		{37BEA80B-DD24-2010-E8C0-319DEB387158} = {2DD8D9F9-8DF2-409F-A1B2-A1ADA3345CD7}
		{E0323EC6-AD33-C873-2E1A-6DEC1D570954} = {2DD8D9F9-8DF2-409F-A1B2-A1ADA3345CD7}
		{962624AE-148C-DE69-FA43-9163415FF563} = {683ED3F2-8703-4211-943C-61E910DE31FB}
		{59D059EC-2610-EBBA-A59A-E6686D44EA0A} = {683ED3F2-8703-4211-943C-61E910DE31FB}
		{1192A8FB-A797-D133-10CC-C151E1E54848} = {683ED3F2-8703-4211-943C-61E910DE31FB}
		{381B8F66-EF95-9AE7-A10C-43035DFB7946} = {F0D5BE67-760B-44FC-BD21-84B056EC572C}
		{5553547A-DA0E-31BC-DA6F-9E83E65619D8} = {F0D5BE67-760B-44FC-BD21-84B056EC572C}
		{D5C79B4D-596E-D03A-7463-98F8A7BC3D7D} = {F0D5BE67-760B-44FC-BD21-84B056EC572C}
	EndGlobalSection
	GlobalSection(ExtensibilityGlobals) = postSolution
		SolutionGuid = {519D77B6-EA9C-4A11-8248-ABCC01FD533C}
	EndGlobalSection
EndGlobal
